
Microsoft Visual Studio Solution File, Format Version 12.00
Project("{FAE04EC0-301F-11D3-BF4B-00C04F79EFBC}") = "FlexiApi", "FlexiApi\FlexiApi.csproj", "{70CD5F65-07DF-4006-8EC9-5D035634AF5B}"
EndProject
Project("{FAE04EC0-301F-11D3-BF4B-00C04F79EFBC}") = "Data", "Data\Data.csproj", "{3883C969-08AF-42BA-A79B-A58252BF7063}"
EndProject
Project("{FAE04EC0-301F-11D3-BF4B-00C04F79EFBC}") = "Business", "Business\Business.csproj", "{61E2036D-AF0D-4211-86E1-81F31929A35D}"
EndProject
Project("{FAE04EC0-301F-11D3-BF4B-00C04F79EFBC}") = "Auth", "Auth\Auth.csproj", "{D0F3A2EF-1F63-4064-86D2-F794786C21EB}"
EndProject
Global
	GlobalSection(SolutionConfigurationPlatforms) = preSolution
		Debug|Any CPU = Debug|Any CPU
		Release|Any CPU = Release|Any CPU
	EndGlobalSection
	GlobalSection(ProjectConfigurationPlatforms) = postSolution
		{70CD5F65-07DF-4006-8EC9-5D035634AF5B}.Debug|Any CPU.ActiveCfg = Debug|Any CPU
		{70CD5F65-07DF-4006-8EC9-5D035634AF5B}.Debug|Any CPU.Build.0 = Debug|Any CPU
		{70CD5F65-07DF-4006-8EC9-5D035634AF5B}.Release|Any CPU.ActiveCfg = Release|Any CPU
		{70CD5F65-07DF-4006-8EC9-5D035634AF5B}.Release|Any CPU.Build.0 = Release|Any CPU
		{3883C969-08AF-42BA-A79B-A58252BF7063}.Debug|Any CPU.ActiveCfg = Debug|Any CPU
		{3883C969-08AF-42BA-A79B-A58252BF7063}.Debug|Any CPU.Build.0 = Debug|Any CPU
		{3883C969-08AF-42BA-A79B-A58252BF7063}.Release|Any CPU.ActiveCfg = Release|Any CPU
		{3883C969-08AF-42BA-A79B-A58252BF7063}.Release|Any CPU.Build.0 = Release|Any CPU
		{61E2036D-AF0D-4211-86E1-81F31929A35D}.Debug|Any CPU.ActiveCfg = Debug|Any CPU
		{61E2036D-AF0D-4211-86E1-81F31929A35D}.Debug|Any CPU.Build.0 = Debug|Any CPU
		{61E2036D-AF0D-4211-86E1-81F31929A35D}.Release|Any CPU.ActiveCfg = Release|Any CPU
		{61E2036D-AF0D-4211-86E1-81F31929A35D}.Release|Any CPU.Build.0 = Release|Any CPU
		{D0F3A2EF-1F63-4064-86D2-F794786C21EB}.Debug|Any CPU.ActiveCfg = Debug|Any CPU
		{D0F3A2EF-1F63-4064-86D2-F794786C21EB}.Debug|Any CPU.Build.0 = Debug|Any CPU
		{D0F3A2EF-1F63-4064-86D2-F794786C21EB}.Release|Any CPU.ActiveCfg = Release|Any CPU
		{D0F3A2EF-1F63-4064-86D2-F794786C21EB}.Release|Any CPU.Build.0 = Release|Any CPU
	EndGlobalSection
EndGlobal
